
Microsoft Visual Studio Solution File, Format Version 12.00
# Visual Studio Version 17
VisualStudioVersion = 17.0.31912.275
MinimumVisualStudioVersion = 10.0.40219.1
Project("{FAE04EC0-301F-11D3-BF4B-00C04F79EFBC}") = "BirdsBackend", "BirdsBackend\BirdsBackend.csproj", "{7A59E082-F69F-4A16-BFD3-D0FFF3C5B010}"
EndProject
Project("{FAE04EC0-301F-11D3-BF4B-00C04F79EFBC}") = "BirdsBE.Models", "BirdsBE.Models\BirdsBE.Models.csproj", "{ABA0BFB6-8870-426E-960D-65EA1A45AAA4}"
EndProject
Project("{FAE04EC0-301F-11D3-BF4B-00C04F79EFBC}") = "BirdsBE.Repository", "BirdsBE.Repository\BirdsBE.Repository.csproj", "{540502E6-030E-44C4-AC79-CFB2F433DB40}"
EndProject
Global
	GlobalSection(SolutionConfigurationPlatforms) = preSolution
		Debug|Any CPU = Debug|Any CPU
		Release|Any CPU = Release|Any CPU
	EndGlobalSection
	GlobalSection(ProjectConfigurationPlatforms) = postSolution
		{7A59E082-F69F-4A16-BFD3-D0FFF3C5B010}.Debug|Any CPU.ActiveCfg = Debug|Any CPU
		{7A59E082-F69F-4A16-BFD3-D0FFF3C5B010}.Debug|Any CPU.Build.0 = Debug|Any CPU
		{7A59E082-F69F-4A16-BFD3-D0FFF3C5B010}.Release|Any CPU.ActiveCfg = Release|Any CPU
		{7A59E082-F69F-4A16-BFD3-D0FFF3C5B010}.Release|Any CPU.Build.0 = Release|Any CPU
		{ABA0BFB6-8870-426E-960D-65EA1A45AAA4}.Debug|Any CPU.ActiveCfg = Debug|Any CPU
		{ABA0BFB6-8870-426E-960D-65EA1A45AAA4}.Debug|Any CPU.Build.0 = Debug|Any CPU
		{ABA0BFB6-8870-426E-960D-65EA1A45AAA4}.Release|Any CPU.ActiveCfg = Release|Any CPU
		{ABA0BFB6-8870-426E-960D-65EA1A45AAA4}.Release|Any CPU.Build.0 = Release|Any CPU
		{540502E6-030E-44C4-AC79-CFB2F433DB40}.Debug|Any CPU.ActiveCfg = Debug|Any CPU
		{540502E6-030E-44C4-AC79-CFB2F433DB40}.Debug|Any CPU.Build.0 = Debug|Any CPU
		{540502E6-030E-44C4-AC79-CFB2F433DB40}.Release|Any CPU.ActiveCfg = Release|Any CPU
		{540502E6-030E-44C4-AC79-CFB2F433DB40}.Release|Any CPU.Build.0 = Release|Any CPU
	EndGlobalSection
	GlobalSection(SolutionProperties) = preSolution
		HideSolutionNode = FALSE
	EndGlobalSection
	GlobalSection(ExtensibilityGlobals) = postSolution
		SolutionGuid = {289BD3AA-C79B-4C74-A51F-E804ED299B0A}
	EndGlobalSection
EndGlobal
